{
  "name": "elemental_svg_fm",
  "version": "1.0.0",
  "lockfileVersion": 3,
  "requires": true,
  "packages": {
    "": {
      "name": "elemental_svg_fm",
      "version": "1.0.0",
      "license": "ISC",
      "dependencies": {
        "bezier-js": "^6.1.4",
        "imagetracerjs": "^1.2.6",
        "makerjs": "^0.19.2",
        "svg-path-outline": "^1.0.1"
      }
    },
    "node_modules/@danmarshall/jscad-typings": {
      "version": "1.0.0",
      "resolved": "https://registry.npmjs.org/@danmarshall/jscad-typings/-/jscad-typings-1.0.0.tgz",
      "integrity": "sha512-MGGIGDItK2UQSsz7yTrXErQXDAFXR3UPxyQ7WZ5RHOwnv60CBXjmkJlXYMYPkSvo+7fUuQL2/ODcvECtc/fi9g==",
      "license": "MIT"
    },
    "node_modules/@types/bezier-js": {
      "version": "0.0.6",
      "resolved": "https://registry.npmjs.org/@types/bezier-js/-/bezier-js-0.0.6.tgz",
      "integrity": "sha512-kXsAlt8e8N6zt9R6LcMYWB1HkBw3q2g+M9BdI/UE+s4agIONuIscQaRCoInH22+Jas3rw8yLUehL2InaZjyNSA==",
      "license": "MIT"
    },
    "node_modules/@types/fontkit": {
      "version": "2.0.8",
      "resolved": "https://registry.npmjs.org/@types/fontkit/-/fontkit-2.0.8.tgz",
      "integrity": "sha512-wN+8bYxIpJf+5oZdrdtaX04qUuWHcKxcDEgRS9Qm9ZClSHjzEn13SxUC+5eRM+4yXIeTYk8mTzLAWGF64847ew==",
      "license": "MIT",
      "dependencies": {
        "@types/node": "*"
      }
    },
    "node_modules/@types/node": {
      "version": "7.10.14",
      "resolved": "https://registry.npmjs.org/@types/node/-/node-7.10.14.tgz",
      "integrity": "sha512-29GS75BE8asnTno3yB6ubOJOO0FboExEqNJy4bpz0GSmW/8wPTNL4h9h63c6s1uTrOopCmJYe/4yJLh5r92ZUA==",
      "license": "MIT"
    },
    "node_modules/@types/opentype.js": {
      "version": "0.7.2",
      "resolved": "https://registry.npmjs.org/@types/opentype.js/-/opentype.js-0.7.2.tgz",
      "integrity": "sha512-Riz6WyBUBEFs7YqSsJya3SbDHJZ6BmMkY7bzNoue6rtwj+RNilLc+mgOX/eJ0Y0asq16FSU6DatBeOg8ZMy2UQ==",
      "license": "MIT"
    },
    "node_modules/@types/pdfkit": {
      "version": "0.7.36",
      "resolved": "https://registry.npmjs.org/@types/pdfkit/-/pdfkit-0.7.36.tgz",
      "integrity": "sha512-9eRA6MuW+n78yU3HhoIrDxjyAX2++B5MpLDYqHOnaRTquCw+5sYXT+QN8E1eSaxvNUwlRfU3tOm4UzTeGWmBqg==",
      "license": "MIT",
      "dependencies": {
        "@types/node": "*"
      }
    },
    "node_modules/bezier-js": {
      "version": "6.1.4",
      "resolved": "https://registry.npmjs.org/bezier-js/-/bezier-js-6.1.4.tgz",
      "integrity": "sha512-PA0FW9ZpcHbojUCMu28z9Vg/fNkwTj5YhusSAjHHDfHDGLxJ6YUKrAN2vk1fP2MMOxVw4Oko16FMlRGVBGqLKg==",
      "license": "MIT",
      "funding": {
        "type": "individual",
        "url": "https://github.com/Pomax/bezierjs/blob/master/FUNDING.md"
      }
    },
    "node_modules/clone": {
      "version": "1.0.4",
      "resolved": "https://registry.npmjs.org/clone/-/clone-1.0.4.tgz",
      "integrity": "sha512-JQHZ2QMW6l3aH/j6xCqQThY/9OH4D/9ls34cgkUBiEeocRTU04tHfKPBsUK1PqZCUQM7GiA0IIXJSuXHI64Kbg==",
      "license": "MIT",
      "engines": {
        "node": ">=0.8"
      }
    },
    "node_modules/graham_scan": {
      "version": "1.0.5",
      "resolved": "https://registry.npmjs.org/graham_scan/-/graham_scan-1.0.5.tgz",
      "integrity": "sha512-471KIBS1jOrAHpEStAbOjYI5U7MGBSyqy+wIEnvRYaFDNmpUUhbDZWLRsCSh/OnlY0dCg0NaDyN/2XLoypgIfA==",
      "license": "MIT"
    },
    "node_modules/imagetracerjs": {
      "version": "1.2.6",
      "resolved": "https://registry.npmjs.org/imagetracerjs/-/imagetracerjs-1.2.6.tgz",
      "integrity": "sha512-LKJlnKmXFzDdh6IZtXTyBxXcCLTAkwgKYS+NMiPXiXVnlTLjQC8fq7U89laUSgHtypJB3TdMMDK4ecG5NI/Cgw==",
      "license": "Unlicense"
    },
    "node_modules/kdbush": {
      "version": "2.0.1",
      "resolved": "https://registry.npmjs.org/kdbush/-/kdbush-2.0.1.tgz",
      "integrity": "sha512-9KqSdmWCkBIisFIGclT0FRagKhI7IVbMyUjsxCFG0Ly1Dg6whlxJ7b9lrq8ifk3X/fGeJzok1R75LQfZTfA5zQ==",
      "license": "ISC"
    },
    "node_modules/makerjs": {
      "version": "0.19.2",
      "resolved": "https://registry.npmjs.org/makerjs/-/makerjs-0.19.2.tgz",
      "integrity": "sha512-+W30jtxgM5ht8jWyxOpoLpz/6u9DEDjW9XXbvkyAba9xIDXnUB4vaB+JajMm7i6QbD7E41rxSl6VFkOcNMwFBA==",
      "license": "Apache-2.0",
      "dependencies": {
        "@danmarshall/jscad-typings": "^1.0.0",
        "@types/bezier-js": "^0.0.6",
        "@types/fontkit": "^2.0.8",
        "@types/node": "^7.0.5",
        "@types/opentype.js": "^0.7.0",
        "@types/pdfkit": "^0.7.34",
        "bezier-js": "^2.1.0",
        "clone": "^1.0.2",
        "graham_scan": "^1.0.4",
        "kdbush": "^2.0.1"
      }
    },
    "node_modules/makerjs/node_modules/bezier-js": {
      "version": "2.6.1",
      "resolved": "https://registry.npmjs.org/bezier-js/-/bezier-js-2.6.1.tgz",
      "integrity": "sha512-jelZM33eNzcZ9snJ/5HqJLw3IzXvA8RFcBjkdOB8SDYyOvW8Y2tTosojAiBTnD1MhbHoWUYNbxUXxBl61TxbRg==",
      "license": "MIT"
    },
    "node_modules/svg-path-outline": {
      "version": "1.0.1",
      "resolved": "https://registry.npmjs.org/svg-path-outline/-/svg-path-outline-1.0.1.tgz",
      "integrity": "sha512-GCXt/gsCbDtzvx2P0Z3z5582i7sBvYCnXlPbO2lAecNxLcdqCvXacgvlviROiqGu4q2ntimurGpTh7vSlaS7Jw==",
      "license": "Apache-2.0",
      "dependencies": {
        "makerjs": "^0.9.39"
      }
    },
    "node_modules/svg-path-outline/node_modules/@types/opentype.js": {
      "version": "0.0.0",
      "resolved": "https://registry.npmjs.org/@types/opentype.js/-/opentype.js-0.0.0.tgz",
      "integrity": "sha512-TivKn8w37v7i/UURRL7Q/3s3b5Fojzpa4dlNytI3VSXXjFwepueOzq83SLSTnSHr+eHZy06gtzzaRA0a+udIwg==",
      "license": "MIT"
    },
    "node_modules/svg-path-outline/node_modules/bezier-js": {
      "version": "2.6.1",
      "resolved": "https://registry.npmjs.org/bezier-js/-/bezier-js-2.6.1.tgz",
      "integrity": "sha512-jelZM33eNzcZ9snJ/5HqJLw3IzXvA8RFcBjkdOB8SDYyOvW8Y2tTosojAiBTnD1MhbHoWUYNbxUXxBl61TxbRg==",
      "license": "MIT"
    },
    "node_modules/svg-path-outline/node_modules/makerjs": {
      "version": "0.9.93",
      "resolved": "https://registry.npmjs.org/makerjs/-/makerjs-0.9.93.tgz",
      "integrity": "sha512-XztS2tJEpL01dsZ5P11kGO2MitrD6MsSvkNDS3uUDVN9SVDJn33Q2j9DFruJsiRtqNVRseLK52vkkbWKtLB/tA==",
      "license": "Apache-2.0",
      "dependencies": {
        "@types/bezier-js": "^0.0.6",
        "@types/node": "^7.0.5",
        "@types/opentype.js": "^0.0.0",
        "@types/pdfkit": "^0.7.34",
        "bezier-js": "^2.1.0",
        "clone": "^1.0.2",
        "graham_scan": "^1.0.4"
      }
    }
  }
}
